
Microsoft Visual Studio Solution File, Format Version 12.00
# Visual Studio Version 17
VisualStudioVersion = 17.5.33502.453
MinimumVisualStudioVersion = 10.0.40219.1
Project("{8BC9CEB8-8B4A-11D0-8D11-00A0C91BC942}") = "1.3_FindText", "1.3_FindText\1.3_FindText.vcxproj", "{0CE92A43-9D68-419B-9E28-D6114060C9C2}"
EndProject
Project("{8BC9CEB8-8B4A-11D0-8D11-00A0C91BC942}") = "2.5_FlipByte", "2.5_FlipByte\2.5_FlipByte.vcxproj", "{257B2462-489B-4D78-A995-EE17630BEBC1}"
EndProject
Project("{8BC9CEB8-8B4A-11D0-8D11-00A0C91BC942}") = "3.2_Invert", "3.2_Invert\3.2_Invert.vcxproj", "{AB7C04A0-17C8-47DD-B660-0E3EF48A76D0}"
EndProject
Project("{2150E333-8FDC-42A3-9474-1A3956D46DE8}") = "lab1", "lab1", "{B95704B7-FF3A-43E9-A197-E663EC71185C}"
EndProject
Project("{2150E333-8FDC-42A3-9474-1A3956D46DE8}") = "lab2", "lab2", "{6F799C19-480D-4240-9FB2-F4C1D4248CE0}"
EndProject
Project("{8BC9CEB8-8B4A-11D0-8D11-00A0C91BC942}") = "1.1_Vector", "lab2\1.1_Vector\1.1_Vector.vcxproj", "{757909AD-AD0A-4097-8A57-0132F2759F01}"
EndProject
Project("{8BC9CEB8-8B4A-11D0-8D11-00A0C91BC942}") = "1.1_VectorTest", "lab2\1.1_VectorTest\1.1_VectorTest.vcxproj", "{52212B85-DCB0-4229-A10E-6216CC9A97EC}"
EndProject
Project("{8BC9CEB8-8B4A-11D0-8D11-00A0C91BC942}") = "2.5_HTMLDecode", "lab2\2.5_HTMLDecode\2.5_HTMLDecode.vcxproj", "{8E4AA19E-AA1B-473F-9E83-CD94A4147581}"
EndProject
Project("{8BC9CEB8-8B4A-11D0-8D11-00A0C91BC942}") = "2.5_HTMLDecodeTest", "lab2\2.5_HTMLDecodeTest\2.5_HTMLDecodeTest.vcxproj", "{DDB575E9-D848-4EEE-BE08-31116E171C57}"
EndProject
Project("{8BC9CEB8-8B4A-11D0-8D11-00A0C91BC942}") = "4.4_PrimeNumbers", "4.4_PrimeNumbers\4.4_PrimeNumbers.vcxproj", "{94E50FFC-009F-48EB-9741-2B22AF2F2409}"
EndProject
Project("{8BC9CEB8-8B4A-11D0-8D11-00A0C91BC942}") = "4.4_PrimeNumbersTest", "4.4_PrimeNumbersTest\4.4_PrimeNumbersTest.vcxproj", "{3C0AFCDC-7DC4-423C-B92A-8116BE0BEF62}"
EndProject
Project("{2150E333-8FDC-42A3-9474-1A3956D46DE8}") = "lab3", "lab3", "{16D37154-6B28-45BC-82DB-F2DE39A9D609}"
EndProject
Project("{8BC9CEB8-8B4A-11D0-8D11-00A0C91BC942}") = "1.2_Car", "lab3\1.2_Car\1.2_Car.vcxproj", "{975BCFE8-0277-463A-B194-C8559E499499}"
EndProject
Project("{8BC9CEB8-8B4A-11D0-8D11-00A0C91BC942}") = "1.2_CarTest", "1.2_CarTest\1.2_CarTest.vcxproj", "{EBB312CA-B00A-4E6C-9E20-D4B37AE0DD8B}"
EndProject
Project("{2150E333-8FDC-42A3-9474-1A3956D46DE8}") = "lab4", "lab4", "{5FC28FE8-92A8-4251-8CAB-CBA97BD03D8F}"
EndProject
Project("{8BC9CEB8-8B4A-11D0-8D11-00A0C91BC942}") = "1.2_Shapes", "lab4\1.2_Shapes\1.2_Shapes.vcxproj", "{23F61B68-B89B-4848-B12F-93B159E2ABF5}"
EndProject
Project("{2150E333-8FDC-42A3-9474-1A3956D46DE8}") = "lab5", "lab5", "{FBF6405A-0E53-4E23-8D63-FE70404D7D3A}"
EndProject
Project("{2150E333-8FDC-42A3-9474-1A3956D46DE8}") = "lab6", "lab6", "{48E56C8E-AF57-416C-BA34-03E5ACA8A4FF}"
EndProject
Project("{8BC9CEB8-8B4A-11D0-8D11-00A0C91BC942}") = "1.2_ShapesTest", "lab4\1.2_ShapesTest\1.2_ShapesTest.vcxproj", "{9E564E0C-78B4-4041-BC18-BE38B318CDD7}"
EndProject
Global
	GlobalSection(SolutionConfigurationPlatforms) = preSolution
		Debug|x64 = Debug|x64
		Debug|x86 = Debug|x86
		Release|x64 = Release|x64
		Release|x86 = Release|x86
	EndGlobalSection
	GlobalSection(ProjectConfigurationPlatforms) = postSolution
		{0CE92A43-9D68-419B-9E28-D6114060C9C2}.Debug|x64.ActiveCfg = Debug|x64
		{0CE92A43-9D68-419B-9E28-D6114060C9C2}.Debug|x64.Build.0 = Debug|x64
		{0CE92A43-9D68-419B-9E28-D6114060C9C2}.Debug|x86.ActiveCfg = Debug|Win32
		{0CE92A43-9D68-419B-9E28-D6114060C9C2}.Debug|x86.Build.0 = Debug|Win32
		{0CE92A43-9D68-419B-9E28-D6114060C9C2}.Release|x64.ActiveCfg = Release|x64
		{0CE92A43-9D68-419B-9E28-D6114060C9C2}.Release|x64.Build.0 = Release|x64
		{0CE92A43-9D68-419B-9E28-D6114060C9C2}.Release|x86.ActiveCfg = Release|Win32
		{0CE92A43-9D68-419B-9E28-D6114060C9C2}.Release|x86.Build.0 = Release|Win32
		{257B2462-489B-4D78-A995-EE17630BEBC1}.Debug|x64.ActiveCfg = Debug|x64
		{257B2462-489B-4D78-A995-EE17630BEBC1}.Debug|x64.Build.0 = Debug|x64
		{257B2462-489B-4D78-A995-EE17630BEBC1}.Debug|x86.ActiveCfg = Debug|Win32
		{257B2462-489B-4D78-A995-EE17630BEBC1}.Debug|x86.Build.0 = Debug|Win32
		{257B2462-489B-4D78-A995-EE17630BEBC1}.Release|x64.ActiveCfg = Release|x64
		{257B2462-489B-4D78-A995-EE17630BEBC1}.Release|x64.Build.0 = Release|x64
		{257B2462-489B-4D78-A995-EE17630BEBC1}.Release|x86.ActiveCfg = Release|Win32
		{257B2462-489B-4D78-A995-EE17630BEBC1}.Release|x86.Build.0 = Release|Win32
		{AB7C04A0-17C8-47DD-B660-0E3EF48A76D0}.Debug|x64.ActiveCfg = Debug|x64
		{AB7C04A0-17C8-47DD-B660-0E3EF48A76D0}.Debug|x64.Build.0 = Debug|x64
		{AB7C04A0-17C8-47DD-B660-0E3EF48A76D0}.Debug|x86.ActiveCfg = Debug|Win32
		{AB7C04A0-17C8-47DD-B660-0E3EF48A76D0}.Debug|x86.Build.0 = Debug|Win32
		{AB7C04A0-17C8-47DD-B660-0E3EF48A76D0}.Release|x64.ActiveCfg = Release|x64
		{AB7C04A0-17C8-47DD-B660-0E3EF48A76D0}.Release|x64.Build.0 = Release|x64
		{AB7C04A0-17C8-47DD-B660-0E3EF48A76D0}.Release|x86.ActiveCfg = Release|Win32
		{AB7C04A0-17C8-47DD-B660-0E3EF48A76D0}.Release|x86.Build.0 = Release|Win32
		{757909AD-AD0A-4097-8A57-0132F2759F01}.Debug|x64.ActiveCfg = Debug|x64
		{757909AD-AD0A-4097-8A57-0132F2759F01}.Debug|x64.Build.0 = Debug|x64
		{757909AD-AD0A-4097-8A57-0132F2759F01}.Debug|x86.ActiveCfg = Debug|Win32
		{757909AD-AD0A-4097-8A57-0132F2759F01}.Debug|x86.Build.0 = Debug|Win32
		{757909AD-AD0A-4097-8A57-0132F2759F01}.Release|x64.ActiveCfg = Release|x64
		{757909AD-AD0A-4097-8A57-0132F2759F01}.Release|x64.Build.0 = Release|x64
		{757909AD-AD0A-4097-8A57-0132F2759F01}.Release|x86.ActiveCfg = Release|Win32
		{757909AD-AD0A-4097-8A57-0132F2759F01}.Release|x86.Build.0 = Release|Win32
		{52212B85-DCB0-4229-A10E-6216CC9A97EC}.Debug|x64.ActiveCfg = Debug|x64
		{52212B85-DCB0-4229-A10E-6216CC9A97EC}.Debug|x64.Build.0 = Debug|x64
		{52212B85-DCB0-4229-A10E-6216CC9A97EC}.Debug|x86.ActiveCfg = Debug|Win32
		{52212B85-DCB0-4229-A10E-6216CC9A97EC}.Debug|x86.Build.0 = Debug|Win32
		{52212B85-DCB0-4229-A10E-6216CC9A97EC}.Release|x64.ActiveCfg = Release|x64
		{52212B85-DCB0-4229-A10E-6216CC9A97EC}.Release|x64.Build.0 = Release|x64
		{52212B85-DCB0-4229-A10E-6216CC9A97EC}.Release|x86.ActiveCfg = Release|Win32
		{52212B85-DCB0-4229-A10E-6216CC9A97EC}.Release|x86.Build.0 = Release|Win32
		{8E4AA19E-AA1B-473F-9E83-CD94A4147581}.Debug|x64.ActiveCfg = Debug|x64
		{8E4AA19E-AA1B-473F-9E83-CD94A4147581}.Debug|x64.Build.0 = Debug|x64
		{8E4AA19E-AA1B-473F-9E83-CD94A4147581}.Debug|x86.ActiveCfg = Debug|Win32
		{8E4AA19E-AA1B-473F-9E83-CD94A4147581}.Debug|x86.Build.0 = Debug|Win32
		{8E4AA19E-AA1B-473F-9E83-CD94A4147581}.Release|x64.ActiveCfg = Release|x64
		{8E4AA19E-AA1B-473F-9E83-CD94A4147581}.Release|x64.Build.0 = Release|x64
		{8E4AA19E-AA1B-473F-9E83-CD94A4147581}.Release|x86.ActiveCfg = Release|Win32
		{8E4AA19E-AA1B-473F-9E83-CD94A4147581}.Release|x86.Build.0 = Release|Win32
		{DDB575E9-D848-4EEE-BE08-31116E171C57}.Debug|x64.ActiveCfg = Debug|x64
		{DDB575E9-D848-4EEE-BE08-31116E171C57}.Debug|x64.Build.0 = Debug|x64
		{DDB575E9-D848-4EEE-BE08-31116E171C57}.Debug|x86.ActiveCfg = Debug|Win32
		{DDB575E9-D848-4EEE-BE08-31116E171C57}.Debug|x86.Build.0 = Debug|Win32
		{DDB575E9-D848-4EEE-BE08-31116E171C57}.Release|x64.ActiveCfg = Release|x64
		{DDB575E9-D848-4EEE-BE08-31116E171C57}.Release|x64.Build.0 = Release|x64
		{DDB575E9-D848-4EEE-BE08-31116E171C57}.Release|x86.ActiveCfg = Release|Win32
		{DDB575E9-D848-4EEE-BE08-31116E171C57}.Release|x86.Build.0 = Release|Win32
		{94E50FFC-009F-48EB-9741-2B22AF2F2409}.Debug|x64.ActiveCfg = Debug|x64
		{94E50FFC-009F-48EB-9741-2B22AF2F2409}.Debug|x64.Build.0 = Debug|x64
		{94E50FFC-009F-48EB-9741-2B22AF2F2409}.Debug|x86.ActiveCfg = Debug|Win32
		{94E50FFC-009F-48EB-9741-2B22AF2F2409}.Debug|x86.Build.0 = Debug|Win32
		{94E50FFC-009F-48EB-9741-2B22AF2F2409}.Release|x64.ActiveCfg = Release|x64
		{94E50FFC-009F-48EB-9741-2B22AF2F2409}.Release|x64.Build.0 = Release|x64
		{94E50FFC-009F-48EB-9741-2B22AF2F2409}.Release|x86.ActiveCfg = Release|Win32
		{94E50FFC-009F-48EB-9741-2B22AF2F2409}.Release|x86.Build.0 = Release|Win32
		{3C0AFCDC-7DC4-423C-B92A-8116BE0BEF62}.Debug|x64.ActiveCfg = Debug|x64
		{3C0AFCDC-7DC4-423C-B92A-8116BE0BEF62}.Debug|x64.Build.0 = Debug|x64
		{3C0AFCDC-7DC4-423C-B92A-8116BE0BEF62}.Debug|x86.ActiveCfg = Debug|Win32
		{3C0AFCDC-7DC4-423C-B92A-8116BE0BEF62}.Debug|x86.Build.0 = Debug|Win32
		{3C0AFCDC-7DC4-423C-B92A-8116BE0BEF62}.Release|x64.ActiveCfg = Release|x64
		{3C0AFCDC-7DC4-423C-B92A-8116BE0BEF62}.Release|x64.Build.0 = Release|x64
		{3C0AFCDC-7DC4-423C-B92A-8116BE0BEF62}.Release|x86.ActiveCfg = Release|Win32
		{3C0AFCDC-7DC4-423C-B92A-8116BE0BEF62}.Release|x86.Build.0 = Release|Win32
		{975BCFE8-0277-463A-B194-C8559E499499}.Debug|x64.ActiveCfg = Debug|x64
		{975BCFE8-0277-463A-B194-C8559E499499}.Debug|x64.Build.0 = Debug|x64
		{975BCFE8-0277-463A-B194-C8559E499499}.Debug|x86.ActiveCfg = Debug|Win32
		{975BCFE8-0277-463A-B194-C8559E499499}.Debug|x86.Build.0 = Debug|Win32
		{975BCFE8-0277-463A-B194-C8559E499499}.Release|x64.ActiveCfg = Release|x64
		{975BCFE8-0277-463A-B194-C8559E499499}.Release|x64.Build.0 = Release|x64
		{975BCFE8-0277-463A-B194-C8559E499499}.Release|x86.ActiveCfg = Release|Win32
		{975BCFE8-0277-463A-B194-C8559E499499}.Release|x86.Build.0 = Release|Win32
		{EBB312CA-B00A-4E6C-9E20-D4B37AE0DD8B}.Debug|x64.ActiveCfg = Debug|x64
		{EBB312CA-B00A-4E6C-9E20-D4B37AE0DD8B}.Debug|x64.Build.0 = Debug|x64
		{EBB312CA-B00A-4E6C-9E20-D4B37AE0DD8B}.Debug|x86.ActiveCfg = Debug|Win32
		{EBB312CA-B00A-4E6C-9E20-D4B37AE0DD8B}.Debug|x86.Build.0 = Debug|Win32
		{EBB312CA-B00A-4E6C-9E20-D4B37AE0DD8B}.Release|x64.ActiveCfg = Release|x64
		{EBB312CA-B00A-4E6C-9E20-D4B37AE0DD8B}.Release|x64.Build.0 = Release|x64
		{EBB312CA-B00A-4E6C-9E20-D4B37AE0DD8B}.Release|x86.ActiveCfg = Release|Win32
		{EBB312CA-B00A-4E6C-9E20-D4B37AE0DD8B}.Release|x86.Build.0 = Release|Win32
		{23F61B68-B89B-4848-B12F-93B159E2ABF5}.Debug|x64.ActiveCfg = Debug|x64
		{23F61B68-B89B-4848-B12F-93B159E2ABF5}.Debug|x64.Build.0 = Debug|x64
		{23F61B68-B89B-4848-B12F-93B159E2ABF5}.Debug|x86.ActiveCfg = Debug|Win32
		{23F61B68-B89B-4848-B12F-93B159E2ABF5}.Debug|x86.Build.0 = Debug|Win32
		{23F61B68-B89B-4848-B12F-93B159E2ABF5}.Release|x64.ActiveCfg = Release|x64
		{23F61B68-B89B-4848-B12F-93B159E2ABF5}.Release|x64.Build.0 = Release|x64
		{23F61B68-B89B-4848-B12F-93B159E2ABF5}.Release|x86.ActiveCfg = Release|Win32
		{23F61B68-B89B-4848-B12F-93B159E2ABF5}.Release|x86.Build.0 = Release|Win32
		{9E564E0C-78B4-4041-BC18-BE38B318CDD7}.Debug|x64.ActiveCfg = Debug|x64
		{9E564E0C-78B4-4041-BC18-BE38B318CDD7}.Debug|x64.Build.0 = Debug|x64
		{9E564E0C-78B4-4041-BC18-BE38B318CDD7}.Debug|x86.ActiveCfg = Debug|Win32
		{9E564E0C-78B4-4041-BC18-BE38B318CDD7}.Debug|x86.Build.0 = Debug|Win32
		{9E564E0C-78B4-4041-BC18-BE38B318CDD7}.Release|x64.ActiveCfg = Release|x64
		{9E564E0C-78B4-4041-BC18-BE38B318CDD7}.Release|x64.Build.0 = Release|x64
		{9E564E0C-78B4-4041-BC18-BE38B318CDD7}.Release|x86.ActiveCfg = Release|Win32
		{9E564E0C-78B4-4041-BC18-BE38B318CDD7}.Release|x86.Build.0 = Release|Win32
	EndGlobalSection
	GlobalSection(SolutionProperties) = preSolution
		HideSolutionNode = FALSE
	EndGlobalSection
	GlobalSection(NestedProjects) = preSolution
		{0CE92A43-9D68-419B-9E28-D6114060C9C2} = {B95704B7-FF3A-43E9-A197-E663EC71185C}
		{257B2462-489B-4D78-A995-EE17630BEBC1} = {B95704B7-FF3A-43E9-A197-E663EC71185C}
		{AB7C04A0-17C8-47DD-B660-0E3EF48A76D0} = {B95704B7-FF3A-43E9-A197-E663EC71185C}
		{757909AD-AD0A-4097-8A57-0132F2759F01} = {6F799C19-480D-4240-9FB2-F4C1D4248CE0}
		{52212B85-DCB0-4229-A10E-6216CC9A97EC} = {6F799C19-480D-4240-9FB2-F4C1D4248CE0}
		{8E4AA19E-AA1B-473F-9E83-CD94A4147581} = {6F799C19-480D-4240-9FB2-F4C1D4248CE0}
		{DDB575E9-D848-4EEE-BE08-31116E171C57} = {6F799C19-480D-4240-9FB2-F4C1D4248CE0}
		{94E50FFC-009F-48EB-9741-2B22AF2F2409} = {6F799C19-480D-4240-9FB2-F4C1D4248CE0}
		{3C0AFCDC-7DC4-423C-B92A-8116BE0BEF62} = {6F799C19-480D-4240-9FB2-F4C1D4248CE0}
		{975BCFE8-0277-463A-B194-C8559E499499} = {16D37154-6B28-45BC-82DB-F2DE39A9D609}
		{EBB312CA-B00A-4E6C-9E20-D4B37AE0DD8B} = {16D37154-6B28-45BC-82DB-F2DE39A9D609}
		{23F61B68-B89B-4848-B12F-93B159E2ABF5} = {5FC28FE8-92A8-4251-8CAB-CBA97BD03D8F}
		{9E564E0C-78B4-4041-BC18-BE38B318CDD7} = {5FC28FE8-92A8-4251-8CAB-CBA97BD03D8F}
	EndGlobalSection
	GlobalSection(ExtensibilityGlobals) = postSolution
		SolutionGuid = {CA14DE08-2ECB-43DA-9959-2170D4C438E2}
	EndGlobalSection
EndGlobal
