
Microsoft Visual Studio Solution File, Format Version 12.00
# Visual Studio Version 17
VisualStudioVersion = 17.5.33502.453
MinimumVisualStudioVersion = 10.0.40219.1
Project("{8BC9CEB8-8B4A-11D0-8D11-00A0C91BC942}") = "1.1_CopyFile", "CopyFile\CopyFile.vcxproj", "{FE073B65-BB41-42F5-8B64-D6AD852DDEF3}"
EndProject
Project("{8BC9CEB8-8B4A-11D0-8D11-00A0C91BC942}") = "1.3_FindText", "1.3_FindText\1.3_FindText.vcxproj", "{0CE92A43-9D68-419B-9E28-D6114060C9C2}"
EndProject
Project("{8BC9CEB8-8B4A-11D0-8D11-00A0C91BC942}") = "2.5_FlipByte", "2.5_FlipByte\2.5_FlipByte.vcxproj", "{257B2462-489B-4D78-A995-EE17630BEBC1}"
EndProject
Global
	GlobalSection(SolutionConfigurationPlatforms) = preSolution
		Debug|x64 = Debug|x64
		Debug|x86 = Debug|x86
		Release|x64 = Release|x64
		Release|x86 = Release|x86
	EndGlobalSection
	GlobalSection(ProjectConfigurationPlatforms) = postSolution
		{FE073B65-BB41-42F5-8B64-D6AD852DDEF3}.Debug|x64.ActiveCfg = Debug|x64
		{FE073B65-BB41-42F5-8B64-D6AD852DDEF3}.Debug|x64.Build.0 = Debug|x64
		{FE073B65-BB41-42F5-8B64-D6AD852DDEF3}.Debug|x86.ActiveCfg = Debug|Win32
		{FE073B65-BB41-42F5-8B64-D6AD852DDEF3}.Debug|x86.Build.0 = Debug|Win32
		{FE073B65-BB41-42F5-8B64-D6AD852DDEF3}.Release|x64.ActiveCfg = Release|x64
		{FE073B65-BB41-42F5-8B64-D6AD852DDEF3}.Release|x64.Build.0 = Release|x64
		{FE073B65-BB41-42F5-8B64-D6AD852DDEF3}.Release|x86.ActiveCfg = Release|Win32
		{FE073B65-BB41-42F5-8B64-D6AD852DDEF3}.Release|x86.Build.0 = Release|Win32
		{0CE92A43-9D68-419B-9E28-D6114060C9C2}.Debug|x64.ActiveCfg = Debug|x64
		{0CE92A43-9D68-419B-9E28-D6114060C9C2}.Debug|x64.Build.0 = Debug|x64
		{0CE92A43-9D68-419B-9E28-D6114060C9C2}.Debug|x86.ActiveCfg = Debug|Win32
		{0CE92A43-9D68-419B-9E28-D6114060C9C2}.Debug|x86.Build.0 = Debug|Win32
		{0CE92A43-9D68-419B-9E28-D6114060C9C2}.Release|x64.ActiveCfg = Release|x64
		{0CE92A43-9D68-419B-9E28-D6114060C9C2}.Release|x64.Build.0 = Release|x64
		{0CE92A43-9D68-419B-9E28-D6114060C9C2}.Release|x86.ActiveCfg = Release|Win32
		{0CE92A43-9D68-419B-9E28-D6114060C9C2}.Release|x86.Build.0 = Release|Win32
		{257B2462-489B-4D78-A995-EE17630BEBC1}.Debug|x64.ActiveCfg = Debug|x64
		{257B2462-489B-4D78-A995-EE17630BEBC1}.Debug|x64.Build.0 = Debug|x64
		{257B2462-489B-4D78-A995-EE17630BEBC1}.Debug|x86.ActiveCfg = Debug|Win32
		{257B2462-489B-4D78-A995-EE17630BEBC1}.Debug|x86.Build.0 = Debug|Win32
		{257B2462-489B-4D78-A995-EE17630BEBC1}.Release|x64.ActiveCfg = Release|x64
		{257B2462-489B-4D78-A995-EE17630BEBC1}.Release|x64.Build.0 = Release|x64
		{257B2462-489B-4D78-A995-EE17630BEBC1}.Release|x86.ActiveCfg = Release|Win32
		{257B2462-489B-4D78-A995-EE17630BEBC1}.Release|x86.Build.0 = Release|Win32
	EndGlobalSection
	GlobalSection(SolutionProperties) = preSolution
		HideSolutionNode = FALSE
	EndGlobalSection
	GlobalSection(ExtensibilityGlobals) = postSolution
		SolutionGuid = {CA14DE08-2ECB-43DA-9959-2170D4C438E2}
	EndGlobalSection
EndGlobal
